PODS:
  - Flutter (1.0.0)
  - healthy_ios (0.0.1):
    - Flutter

DEPENDENCIES:
  - Flutter (from `Flutter`)
  - healthy_ios (from `.symlinks/plugins/healthy_ios/ios`)

EXTERNAL SOURCES:
  Flutter:
    :path: Flutter
  healthy_ios:
    :path: ".symlinks/plugins/healthy_ios/ios"

SPEC CHECKSUMS:
  Flutter: 434fef37c0980e73bb6479ef766c45957d4b510c
  healthy_ios: 4a080d636e192b531b77551c9e985fff0ebe7d46

PODFILE CHECKSUM: aafe91acc616949ddb318b77800a7f51bffa2a4c

COCOAPODS: 1.10.1
